
Microsoft Visual Studio Solution File, Format Version 12.00
# Visual Studio Version 16
VisualStudioVersion = 16.0.31205.134
MinimumVisualStudioVersion = 10.0.40219.1
Project("{9A19103F-16F7-4668-BE54-9A1E7A4F7556}") = "Clipify.Web", "source\Clipify.Web\Clipify.Web.csproj", "{734CA6E9-B12E-438E-B6CB-99099F8F58CA}"
EndProject
Project("{9A19103F-16F7-4668-BE54-9A1E7A4F7556}") = "Clipify.Domain", "source\Clipify.Domain\Clipify.Domain.csproj", "{DE7A2D3A-D530-4020-A03D-CD4BDB00DC8F}"
EndProject
Project("{9A19103F-16F7-4668-BE54-9A1E7A4F7556}") = "Clipify.Application", "source\Clipify.Application\Clipify.Application.csproj", "{68EB61B1-786D-475B-8E9B-2879636DF49B}"
EndProject
Project("{9A19103F-16F7-4668-BE54-9A1E7A4F7556}") = "Clipify.Infrastructure", "source\Clipify.Infrastructure\Clipify.Infrastructure.csproj", "{21FBD46F-80F3-4194-B460-6F0CDBDFA4ED}"
EndProject
Project("{9A19103F-16F7-4668-BE54-9A1E7A4F7556}") = "Clipify.Domain.UnitTests", "tests\Clipify.Domain.UnitTests\Clipify.Domain.UnitTests.csproj", "{D5216D1C-D053-4011-B85A-E1634495F989}"
EndProject
Project("{9A19103F-16F7-4668-BE54-9A1E7A4F7556}") = "Clipify.Application.UnitTests", "tests\Clipify.Application.UnitTests\Clipify.Application.UnitTests.csproj", "{CDF33D06-A918-46F8-A684-4226CE68086B}"
EndProject
Project("{2150E333-8FDC-42A3-9474-1A3956D46DE8}") = "Solution Items", "Solution Items", "{8B6829BC-CCB7-4F64-9C32-AEDF81D4407B}"
	ProjectSection(SolutionItems) = preProject
		Dockerfile = Dockerfile
	EndProjectSection
EndProject
Project("{2150E333-8FDC-42A3-9474-1A3956D46DE8}") = "Source", "Source", "{897A29CA-A891-4A70-B65C-6EE86FC2C897}"
EndProject
Project("{2150E333-8FDC-42A3-9474-1A3956D46DE8}") = "Tests", "Tests", "{629C3FFF-07FA-44AB-B79E-563AFDA5EFBD}"
EndProject
Project("{2150E333-8FDC-42A3-9474-1A3956D46DE8}") = "PlaylistWebapi", "PlaylistWebapi", "{D2200BD7-6155-426A-A63F-F6AD9C8AF5E2}"
EndProject
Project("{2150E333-8FDC-42A3-9474-1A3956D46DE8}") = "TrackWebapi", "TrackWebapi", "{98FDC0F0-9E20-44F3-85B2-CA6B9468C8F7}"
EndProject
Project("{2150E333-8FDC-42A3-9474-1A3956D46DE8}") = "AccountWebapi", "AccountWebapi", "{DD9A5A44-352E-41F8-939E-42B2061D2B0D}"
EndProject
Project("{9A19103F-16F7-4668-BE54-9A1E7A4F7556}") = "Clipify.Account.Domain", "source\Clipify.Account.Domain\Clipify.Account.Domain.csproj", "{AE886686-65EA-456C-8480-3E666A71334E}"
EndProject
Project("{9A19103F-16F7-4668-BE54-9A1E7A4F7556}") = "Clipify.Account.Infrastructure", "source\Clipify.Account.Infrastructure\Clipify.Account.Infrastructure.csproj", "{124BE650-E239-4193-8643-F20522846B63}"
EndProject
Project("{9A19103F-16F7-4668-BE54-9A1E7A4F7556}") = "Clipify.Playlist.Domain", "source\Clipify.Playlist.Domain\Clipify.Playlist.Domain.csproj", "{998D2183-0BEC-4627-A2CE-39EBFC2C1744}"
EndProject
Project("{9A19103F-16F7-4668-BE54-9A1E7A4F7556}") = "Clipify.Playlist.Application", "source\Clipify.Playlist.Application\Clipify.Playlist.Application.csproj", "{A2881D69-04F6-4DE3-AB29-7BAE0806DE0E}"
EndProject
Project("{9A19103F-16F7-4668-BE54-9A1E7A4F7556}") = "Clipify.Track.Application", "source\Clipify.Track.Application\Clipify.Track.Application.csproj", "{D641AADE-8F08-410A-A828-8B402B461127}"
EndProject
Project("{9A19103F-16F7-4668-BE54-9A1E7A4F7556}") = "Clipify.Track.Domain", "source\Clipify.Track.Domain\Clipify.Track.Domain.csproj", "{8FCC607A-04F2-4489-B515-A86EFFEB2580}"
EndProject
Project("{9A19103F-16F7-4668-BE54-9A1E7A4F7556}") = "Clipify.Track.Infrastructure", "source\Clipify.Track.Infrastructure\Clipify.Track.Infrastructure.csproj", "{5D40A32D-DA4A-46C9-B2E5-F1EA86B90186}"
EndProject
Project("{9A19103F-16F7-4668-BE54-9A1E7A4F7556}") = "Clipify.Account.Application", "source\Clipify.Account.Application\Clipify.Account.Application.csproj", "{AC0B2F4E-A320-4B64-8570-18AE8D6B37F1}"
EndProject
Project("{9A19103F-16F7-4668-BE54-9A1E7A4F7556}") = "Clipify.Playlist.Infrastructure", "source\Clipify.Playlist.Infrastructure\Clipify.Playlist.Infrastructure.csproj", "{D5FE7209-22A0-4555-A1BC-C7F07C01BF4E}"
EndProject
Project("{FAE04EC0-301F-11D3-BF4B-00C04F79EFBC}") = "Clipify.Webapi", "source\Clipify.Webapi\Clipify.Webapi.csproj", "{0D1A583E-59AE-4F12-9C65-F2373A444940}"
EndProject
Project("{2150E333-8FDC-42A3-9474-1A3956D46DE8}") = "Front", "Front", "{BE58384B-EC54-40EC-8F7A-6DCB9FE7101D}"
EndProject
Global
	GlobalSection(SolutionConfigurationPlatforms) = preSolution
		Debug|Any CPU = Debug|Any CPU
		Release|Any CPU = Release|Any CPU
	EndGlobalSection
	GlobalSection(ProjectConfigurationPlatforms) = postSolution
		{734CA6E9-B12E-438E-B6CB-99099F8F58CA}.Debug|Any CPU.ActiveCfg = Debug|Any CPU
		{734CA6E9-B12E-438E-B6CB-99099F8F58CA}.Debug|Any CPU.Build.0 = Debug|Any CPU
		{734CA6E9-B12E-438E-B6CB-99099F8F58CA}.Release|Any CPU.ActiveCfg = Release|Any CPU
		{734CA6E9-B12E-438E-B6CB-99099F8F58CA}.Release|Any CPU.Build.0 = Release|Any CPU
		{DE7A2D3A-D530-4020-A03D-CD4BDB00DC8F}.Debug|Any CPU.ActiveCfg = Debug|Any CPU
		{DE7A2D3A-D530-4020-A03D-CD4BDB00DC8F}.Debug|Any CPU.Build.0 = Debug|Any CPU
		{DE7A2D3A-D530-4020-A03D-CD4BDB00DC8F}.Release|Any CPU.ActiveCfg = Release|Any CPU
		{DE7A2D3A-D530-4020-A03D-CD4BDB00DC8F}.Release|Any CPU.Build.0 = Release|Any CPU
		{68EB61B1-786D-475B-8E9B-2879636DF49B}.Debug|Any CPU.ActiveCfg = Debug|Any CPU
		{68EB61B1-786D-475B-8E9B-2879636DF49B}.Debug|Any CPU.Build.0 = Debug|Any CPU
		{68EB61B1-786D-475B-8E9B-2879636DF49B}.Release|Any CPU.ActiveCfg = Release|Any CPU
		{68EB61B1-786D-475B-8E9B-2879636DF49B}.Release|Any CPU.Build.0 = Release|Any CPU
		{21FBD46F-80F3-4194-B460-6F0CDBDFA4ED}.Debug|Any CPU.ActiveCfg = Debug|Any CPU
		{21FBD46F-80F3-4194-B460-6F0CDBDFA4ED}.Debug|Any CPU.Build.0 = Debug|Any CPU
		{21FBD46F-80F3-4194-B460-6F0CDBDFA4ED}.Release|Any CPU.ActiveCfg = Release|Any CPU
		{21FBD46F-80F3-4194-B460-6F0CDBDFA4ED}.Release|Any CPU.Build.0 = Release|Any CPU
		{D5216D1C-D053-4011-B85A-E1634495F989}.Debug|Any CPU.ActiveCfg = Debug|Any CPU
		{D5216D1C-D053-4011-B85A-E1634495F989}.Debug|Any CPU.Build.0 = Debug|Any CPU
		{D5216D1C-D053-4011-B85A-E1634495F989}.Release|Any CPU.ActiveCfg = Release|Any CPU
		{D5216D1C-D053-4011-B85A-E1634495F989}.Release|Any CPU.Build.0 = Release|Any CPU
		{CDF33D06-A918-46F8-A684-4226CE68086B}.Debug|Any CPU.ActiveCfg = Debug|Any CPU
		{CDF33D06-A918-46F8-A684-4226CE68086B}.Debug|Any CPU.Build.0 = Debug|Any CPU
		{CDF33D06-A918-46F8-A684-4226CE68086B}.Release|Any CPU.ActiveCfg = Release|Any CPU
		{CDF33D06-A918-46F8-A684-4226CE68086B}.Release|Any CPU.Build.0 = Release|Any CPU
		{AE886686-65EA-456C-8480-3E666A71334E}.Debug|Any CPU.ActiveCfg = Debug|Any CPU
		{AE886686-65EA-456C-8480-3E666A71334E}.Debug|Any CPU.Build.0 = Debug|Any CPU
		{AE886686-65EA-456C-8480-3E666A71334E}.Release|Any CPU.ActiveCfg = Release|Any CPU
		{AE886686-65EA-456C-8480-3E666A71334E}.Release|Any CPU.Build.0 = Release|Any CPU
		{124BE650-E239-4193-8643-F20522846B63}.Debug|Any CPU.ActiveCfg = Debug|Any CPU
		{124BE650-E239-4193-8643-F20522846B63}.Debug|Any CPU.Build.0 = Debug|Any CPU
		{124BE650-E239-4193-8643-F20522846B63}.Release|Any CPU.ActiveCfg = Release|Any CPU
		{124BE650-E239-4193-8643-F20522846B63}.Release|Any CPU.Build.0 = Release|Any CPU
		{998D2183-0BEC-4627-A2CE-39EBFC2C1744}.Debug|Any CPU.ActiveCfg = Debug|Any CPU
		{998D2183-0BEC-4627-A2CE-39EBFC2C1744}.Debug|Any CPU.Build.0 = Debug|Any CPU
		{998D2183-0BEC-4627-A2CE-39EBFC2C1744}.Release|Any CPU.ActiveCfg = Release|Any CPU
		{998D2183-0BEC-4627-A2CE-39EBFC2C1744}.Release|Any CPU.Build.0 = Release|Any CPU
		{A2881D69-04F6-4DE3-AB29-7BAE0806DE0E}.Debug|Any CPU.ActiveCfg = Debug|Any CPU
		{A2881D69-04F6-4DE3-AB29-7BAE0806DE0E}.Debug|Any CPU.Build.0 = Debug|Any CPU
		{A2881D69-04F6-4DE3-AB29-7BAE0806DE0E}.Release|Any CPU.ActiveCfg = Release|Any CPU
		{A2881D69-04F6-4DE3-AB29-7BAE0806DE0E}.Release|Any CPU.Build.0 = Release|Any CPU
		{D641AADE-8F08-410A-A828-8B402B461127}.Debug|Any CPU.ActiveCfg = Debug|Any CPU
		{D641AADE-8F08-410A-A828-8B402B461127}.Debug|Any CPU.Build.0 = Debug|Any CPU
		{D641AADE-8F08-410A-A828-8B402B461127}.Release|Any CPU.ActiveCfg = Release|Any CPU
		{D641AADE-8F08-410A-A828-8B402B461127}.Release|Any CPU.Build.0 = Release|Any CPU
		{8FCC607A-04F2-4489-B515-A86EFFEB2580}.Debug|Any CPU.ActiveCfg = Debug|Any CPU
		{8FCC607A-04F2-4489-B515-A86EFFEB2580}.Debug|Any CPU.Build.0 = Debug|Any CPU
		{8FCC607A-04F2-4489-B515-A86EFFEB2580}.Release|Any CPU.ActiveCfg = Release|Any CPU
		{8FCC607A-04F2-4489-B515-A86EFFEB2580}.Release|Any CPU.Build.0 = Release|Any CPU
		{5D40A32D-DA4A-46C9-B2E5-F1EA86B90186}.Debug|Any CPU.ActiveCfg = Debug|Any CPU
		{5D40A32D-DA4A-46C9-B2E5-F1EA86B90186}.Debug|Any CPU.Build.0 = Debug|Any CPU
		{5D40A32D-DA4A-46C9-B2E5-F1EA86B90186}.Release|Any CPU.ActiveCfg = Release|Any CPU
		{5D40A32D-DA4A-46C9-B2E5-F1EA86B90186}.Release|Any CPU.Build.0 = Release|Any CPU
		{AC0B2F4E-A320-4B64-8570-18AE8D6B37F1}.Debug|Any CPU.ActiveCfg = Debug|Any CPU
		{AC0B2F4E-A320-4B64-8570-18AE8D6B37F1}.Debug|Any CPU.Build.0 = Debug|Any CPU
		{AC0B2F4E-A320-4B64-8570-18AE8D6B37F1}.Release|Any CPU.ActiveCfg = Release|Any CPU
		{AC0B2F4E-A320-4B64-8570-18AE8D6B37F1}.Release|Any CPU.Build.0 = Release|Any CPU
		{D5FE7209-22A0-4555-A1BC-C7F07C01BF4E}.Debug|Any CPU.ActiveCfg = Debug|Any CPU
		{D5FE7209-22A0-4555-A1BC-C7F07C01BF4E}.Debug|Any CPU.Build.0 = Debug|Any CPU
		{D5FE7209-22A0-4555-A1BC-C7F07C01BF4E}.Release|Any CPU.ActiveCfg = Release|Any CPU
		{D5FE7209-22A0-4555-A1BC-C7F07C01BF4E}.Release|Any CPU.Build.0 = Release|Any CPU
		{0D1A583E-59AE-4F12-9C65-F2373A444940}.Debug|Any CPU.ActiveCfg = Debug|Any CPU
		{0D1A583E-59AE-4F12-9C65-F2373A444940}.Debug|Any CPU.Build.0 = Debug|Any CPU
		{0D1A583E-59AE-4F12-9C65-F2373A444940}.Release|Any CPU.ActiveCfg = Release|Any CPU
		{0D1A583E-59AE-4F12-9C65-F2373A444940}.Release|Any CPU.Build.0 = Release|Any CPU
	EndGlobalSection
	GlobalSection(SolutionProperties) = preSolution
		HideSolutionNode = FALSE
	EndGlobalSection
	GlobalSection(NestedProjects) = preSolution
		{734CA6E9-B12E-438E-B6CB-99099F8F58CA} = {BE58384B-EC54-40EC-8F7A-6DCB9FE7101D}
		{DE7A2D3A-D530-4020-A03D-CD4BDB00DC8F} = {897A29CA-A891-4A70-B65C-6EE86FC2C897}
		{68EB61B1-786D-475B-8E9B-2879636DF49B} = {897A29CA-A891-4A70-B65C-6EE86FC2C897}
		{21FBD46F-80F3-4194-B460-6F0CDBDFA4ED} = {897A29CA-A891-4A70-B65C-6EE86FC2C897}
		{D5216D1C-D053-4011-B85A-E1634495F989} = {629C3FFF-07FA-44AB-B79E-563AFDA5EFBD}
		{CDF33D06-A918-46F8-A684-4226CE68086B} = {629C3FFF-07FA-44AB-B79E-563AFDA5EFBD}
		{D2200BD7-6155-426A-A63F-F6AD9C8AF5E2} = {897A29CA-A891-4A70-B65C-6EE86FC2C897}
		{98FDC0F0-9E20-44F3-85B2-CA6B9468C8F7} = {897A29CA-A891-4A70-B65C-6EE86FC2C897}
		{DD9A5A44-352E-41F8-939E-42B2061D2B0D} = {897A29CA-A891-4A70-B65C-6EE86FC2C897}
		{AE886686-65EA-456C-8480-3E666A71334E} = {DD9A5A44-352E-41F8-939E-42B2061D2B0D}
		{124BE650-E239-4193-8643-F20522846B63} = {DD9A5A44-352E-41F8-939E-42B2061D2B0D}
		{998D2183-0BEC-4627-A2CE-39EBFC2C1744} = {D2200BD7-6155-426A-A63F-F6AD9C8AF5E2}
		{A2881D69-04F6-4DE3-AB29-7BAE0806DE0E} = {D2200BD7-6155-426A-A63F-F6AD9C8AF5E2}
		{D641AADE-8F08-410A-A828-8B402B461127} = {98FDC0F0-9E20-44F3-85B2-CA6B9468C8F7}
		{8FCC607A-04F2-4489-B515-A86EFFEB2580} = {98FDC0F0-9E20-44F3-85B2-CA6B9468C8F7}
		{5D40A32D-DA4A-46C9-B2E5-F1EA86B90186} = {98FDC0F0-9E20-44F3-85B2-CA6B9468C8F7}
		{AC0B2F4E-A320-4B64-8570-18AE8D6B37F1} = {DD9A5A44-352E-41F8-939E-42B2061D2B0D}
		{D5FE7209-22A0-4555-A1BC-C7F07C01BF4E} = {D2200BD7-6155-426A-A63F-F6AD9C8AF5E2}
		{0D1A583E-59AE-4F12-9C65-F2373A444940} = {897A29CA-A891-4A70-B65C-6EE86FC2C897}
		{BE58384B-EC54-40EC-8F7A-6DCB9FE7101D} = {897A29CA-A891-4A70-B65C-6EE86FC2C897}
	EndGlobalSection
	GlobalSection(ExtensibilityGlobals) = postSolution
		SolutionGuid = {AC408FA4-2C86-47E2-ABC0-06F5866A01BB}
	EndGlobalSection
EndGlobal
